
Microsoft Visual Studio Solution File, Format Version 12.00
# Visual Studio Version 17
VisualStudioVersion = 17.5.002.0
MinimumVisualStudioVersion = 10.0.40219.1
Project("{9A19103F-16F7-4668-BE54-9A1E7A4F7556}") = "C#", "C#.csproj", "{24A4AC55-3262-4228-80CE-A2F85352E86A}"
EndProject
Global
	GlobalSection(SolutionConfigurationPlatforms) = preSolution
		Debug|Any CPU = Debug|Any CPU
		Release|Any CPU = Release|Any CPU
	EndGlobalSection
	GlobalSection(ProjectConfigurationPlatforms) = postSolution
		{24A4AC55-3262-4228-80CE-A2F85352E86A}.Debug|Any CPU.ActiveCfg = Debug|Any CPU
		{24A4AC55-3262-4228-80CE-A2F85352E86A}.Debug|Any CPU.Build.0 = Debug|Any CPU
		{24A4AC55-3262-4228-80CE-A2F85352E86A}.Release|Any CPU.ActiveCfg = Release|Any CPU
		{24A4AC55-3262-4228-80CE-A2F85352E86A}.Release|Any CPU.Build.0 = Release|Any CPU
	EndGlobalSection
	GlobalSection(SolutionProperties) = preSolution
		HideSolutionNode = FALSE
	EndGlobalSection
	GlobalSection(ExtensibilityGlobals) = postSolution
		SolutionGuid = {AC15D07F-B323-4549-BFEE-40E8240405E6}
	EndGlobalSection
EndGlobal
